
Microsoft Visual Studio Solution File, Format Version 12.00
# Visual Studio Version 16
VisualStudioVersion = 16.0.30330.147
MinimumVisualStudioVersion = 10.0.40219.1
Project("{FAE04EC0-301F-11D3-BF4B-00C04F79EFBC}") = "Cinemaster", "Cinemaster\Cinemaster.csproj", "{1DC7A2FD-4683-4BB0-92CD-EA464F9C4736}"
EndProject
Global
	GlobalSection(SolutionConfigurationPlatforms) = preSolution
		Debug|Any CPU = Debug|Any CPU
		Release|Any CPU = Release|Any CPU
	EndGlobalSection
	GlobalSection(ProjectConfigurationPlatforms) = postSolution
		{1DC7A2FD-4683-4BB0-92CD-EA464F9C4736}.Debug|Any CPU.ActiveCfg = Debug|Any CPU
		{1DC7A2FD-4683-4BB0-92CD-EA464F9C4736}.Debug|Any CPU.Build.0 = Debug|Any CPU
		{1DC7A2FD-4683-4BB0-92CD-EA464F9C4736}.Release|Any CPU.ActiveCfg = Release|Any CPU
		{1DC7A2FD-4683-4BB0-92CD-EA464F9C4736}.Release|Any CPU.Build.0 = Release|Any CPU
	EndGlobalSection
	GlobalSection(SolutionProperties) = preSolution
		HideSolutionNode = FALSE
	EndGlobalSection
	GlobalSection(ExtensibilityGlobals) = postSolution
		SolutionGuid = {6C285707-D216-454B-B1B9-162888F44FBE}
	EndGlobalSection
EndGlobal
